
Microsoft Visual Studio Solution File, Format Version 12.00
# Visual Studio Version 17
VisualStudioVersion = 17.3.32825.248
MinimumVisualStudioVersion = 10.0.40219.1
Project("{FAE04EC0-301F-11D3-BF4B-00C04F79EFBC}") = "HighRiskCafe", "HighRiskCafe.csproj", "{FDABA86A-339F-4A60-8067-9868C00AF502}"
EndProject
Global
	GlobalSection(SolutionConfigurationPlatforms) = preSolution
		Debug|Any CPU = Debug|Any CPU
		Release|Any CPU = Release|Any CPU
	EndGlobalSection
	GlobalSection(ProjectConfigurationPlatforms) = postSolution
		{FDABA86A-339F-4A60-8067-9868C00AF502}.Debug|Any CPU.ActiveCfg = Debug|Any CPU
		{FDABA86A-339F-4A60-8067-9868C00AF502}.Debug|Any CPU.Build.0 = Debug|Any CPU
		{FDABA86A-339F-4A60-8067-9868C00AF502}.Release|Any CPU.ActiveCfg = Release|Any CPU
		{FDABA86A-339F-4A60-8067-9868C00AF502}.Release|Any CPU.Build.0 = Release|Any CPU
	EndGlobalSection
	GlobalSection(SolutionProperties) = preSolution
		HideSolutionNode = FALSE
	EndGlobalSection
	GlobalSection(ExtensibilityGlobals) = postSolution
		SolutionGuid = {6CF9EFC8-B629-4615-BEF5-EBBE70265B77}
	EndGlobalSection
EndGlobal
